// !$*UTF8*$!
{
	archiveVersion = 1;
	classes = {
	};
	objectVersion = 46;
	objects = {

/* Begin PBXBuildFile section */
		A7E93C551728EBAC0071E424 /* UIKit.framework in Frameworks */ = {isa = PBXBuildFile; fileRef = A7E93C541728EBAC0071E424 /* UIKit.framework */; };
		A7E93C571728EBAC0071E424 /* Foundation.framework in Frameworks */ = {isa = PBXBuildFile; fileRef = A7E93C561728EBAC0071E424 /* Foundation.framework */; };
		A7E93C591728EBAC0071E424 /* CoreGraphics.framework in Frameworks */ = {isa = PBXBuildFile; fileRef = A7E93C581728EBAC0071E424 /* CoreGraphics.framework */; };
		A7E93C5F1728EBAC0071E424 /* InfoPlist.strings in Resources */ = {isa = PBXBuildFile; fileRef = A7E93C5D1728EBAC0071E424 /* InfoPlist.strings */; };
		A7E93C611728EBAC0071E424 /* main.m in Sources */ = {isa = PBXBuildFile; fileRef = A7E93C601728EBAC0071E424 /* main.m */; };
		A7E93C651728EBAC0071E424 /* AppDelegate.m in Sources */ = {isa = PBXBuildFile; fileRef = A7E93C641728EBAC0071E424 /* AppDelegate.m */; };
		A7E93C671728EBAC0071E424 /* Default.png in Resources */ = {isa = PBXBuildFile; fileRef = A7E93C661728EBAC0071E424 /* Default.png */; };
		A7E93C691728EBAC0071E424 /* Default@2x.png in Resources */ = {isa = PBXBuildFile; fileRef = A7E93C681728EBAC0071E424 /* Default@2x.png */; };
		A7E93C6B1728EBAC0071E424 /* Default-568h@2x.png in Resources */ = {isa = PBXBuildFile; fileRef = A7E93C6A1728EBAC0071E424 /* Default-568h@2x.png */; };
		A7E93C6E1728EBAC0071E424 /* MainStoryboard.storyboard in Resources */ = {isa = PBXBuildFile; fileRef = A7E93C6C1728EBAC0071E424 /* MainStoryboard.storyboard */; };
		A7E93C711728EBAC0071E424 /* ViewController.m in Sources */ = {isa = PBXBuildFile; fileRef = A7E93C701728EBAC0071E424 /* ViewController.m */; };
		A7E93C7A1728EC1D0071E424 /* MLDatePicker.m in Sources */ = {isa = PBXBuildFile; fileRef = A7E93C791728EC1D0071E424 /* MLDatePicker.m */; };
/* End PBXBuildFile section */

/* Begin PBXFileReference section */
		A7E93C511728EBAC0071E424 /* MLDatePickerDemo.app */ = {isa = PBXFileReference; explicitFileType = wrapper.application; includeInIndex = 0; path = MLDatePickerDemo.app; sourceTree = BUILT_PRODUCTS_DIR; };
		A7E93C541728EBAC0071E424 /* UIKit.framework */ = {isa = PBXFileReference; lastKnownFileType = wrapper.framework; name = UIKit.framework; path = System/Library/Frameworks/UIKit.framework; sourceTree = SDKROOT; };
		A7E93C561728EBAC0071E424 /* Foundation.framework */ = {isa = PBXFileReference; lastKnownFileType = wrapper.framework; name = Foundation.framework; path = System/Library/Frameworks/Foundation.framework; sourceTree = SDKROOT; };
		A7E93C581728EBAC0071E424 /* CoreGraphics.framework */ = {isa = PBXFileReference; lastKnownFileType = wrapper.framework; name = CoreGraphics.framework; path = System/Library/Frameworks/CoreGraphics.framework; sourceTree = SDKROOT; };
		A7E93C5C1728EBAC0071E424 /* MLDatePickerDemo-Info.plist */ = {isa = PBXFileReference; lastKnownFileType = text.plist.xml; path = "MLDatePickerDemo-Info.plist"; sourceTree = "<group>"; };
		A7E93C5E1728EBAC0071E424 /* en */ = {isa = PBXFileReference; lastKnownFileType = text.plist.strings; name = en; path = en.lproj/InfoPlist.strings; sourceTree = "<group>"; };
		A7E93C601728EBAC0071E424 /* main.m */ = {isa = PBXFileReference; lastKnownFileType = sourcecode.c.objc; path = main.m; sourceTree = "<group>"; };
		A7E93C621728EBAC0071E424 /* MLDatePickerDemo-Prefix.pch */ = {isa = PBXFileReference; lastKnownFileType = sourcecode.c.h; path = "MLDatePickerDemo-Prefix.pch"; sourceTree = "<group>"; };
		A7E93C631728EBAC0071E424 /* AppDelegate.h */ = {isa = PBXFileReference; lastKnownFileType = sourcecode.c.h; path = AppDelegate.h; sourceTree = "<group>"; };
		A7E93C641728EBAC0071E424 /* AppDelegate.m */ = {isa = PBXFileReference; lastKnownFileType = sourcecode.c.objc; path = AppDelegate.m; sourceTree = "<group>"; };
		A7E93C661728EBAC0071E424 /* Default.png */ = {isa = PBXFileReference; lastKnownFileType = image.png; path = Default.png; sourceTree = "<group>"; };
		A7E93C681728EBAC0071E424 /* Default@2x.png */ = {isa = PBXFileReference; lastKnownFileType = image.png; path = "Default@2x.png"; sourceTree = "<group>"; };
		A7E93C6A1728EBAC0071E424 /* Default-568h@2x.png */ = {isa = PBXFileReference; lastKnownFileType = image.png; path = "Default-568h@2x.png"; sourceTree = "<group>"; };
		A7E93C6D1728EBAC0071E424 /* en */ = {isa = PBXFileReference; lastKnownFileType = file.storyboard; name = en; path = en.lproj/MainStoryboard.storyboard; sourceTree = "<group>"; };
		A7E93C6F1728EBAC0071E424 /* ViewController.h */ = {isa = PBXFileReference; lastKnownFileType = sourcecode.c.h; path = ViewController.h; sourceTree = "<group>"; };
		A7E93C701728EBAC0071E424 /* ViewController.m */ = {isa = PBXFileReference; lastKnownFileType = sourcecode.c.objc; path = ViewController.m; sourceTree = "<group>"; };
		A7E93C781728EC1D0071E424 /* MLDatePicker.h */ = {isa = PBXFileReference; fileEncoding = 4; lastKnownFileType = sourcecode.c.h; path = MLDatePicker.h; sourceTree = "<group>"; };
		A7E93C791728EC1D0071E424 /* MLDatePicker.m */ = {isa = PBXFileReference; fileEncoding = 4; lastKnownFileType = sourcecode.c.objc; path = MLDatePicker.m; sourceTree = "<group>"; };
/* End PBXFileReference section */

/* Begin PBXFrameworksBuildPhase section */
		A7E93C4E1728EBAC0071E424 /* Frameworks */ = {
			isa = PBXFrameworksBuildPhase;
			buildActionMask = 2147483647;
			files = (
				A7E93C551728EBAC0071E424 /* UIKit.framework in Frameworks */,
				A7E93C571728EBAC0071E424 /* Foundation.framework in Frameworks */,
				A7E93C591728EBAC0071E424 /* CoreGraphics.framework in Frameworks */,
			);
			runOnlyForDeploymentPostprocessing = 0;
		};
/* End PBXFrameworksBuildPhase section */

/* Begin PBXGroup section */
		A7E93C481728EBAC0071E424 = {
			isa = PBXGroup;
			children = (
				A7E93C5A1728EBAC0071E424 /* MLDatePickerDemo */,
				A7E93C531728EBAC0071E424 /* Frameworks */,
				A7E93C521728EBAC0071E424 /* Products */,
			);
			sourceTree = "<group>";
		};
		A7E93C521728EBAC0071E424 /* Products */ = {
			isa = PBXGroup;
			children = (
				A7E93C511728EBAC0071E424 /* MLDatePickerDemo.app */,
			);
			name = Products;
			sourceTree = "<group>";
		};
		A7E93C531728EBAC0071E424 /* Frameworks */ = {
			isa = PBXGroup;
			children = (
				A7E93C541728EBAC0071E424 /* UIKit.framework */,
				A7E93C561728EBAC0071E424 /* Foundation.framework */,
				A7E93C581728EBAC0071E424 /* CoreGraphics.framework */,
			);
			name = Frameworks;
			sourceTree = "<group>";
		};
		A7E93C5A1728EBAC0071E424 /* MLDatePickerDemo */ = {
			isa = PBXGroup;
			children = (
				A7E93C631728EBAC0071E424 /* AppDelegate.h */,
				A7E93C641728EBAC0071E424 /* AppDelegate.m */,
				A7E93C6C1728EBAC0071E424 /* MainStoryboard.storyboard */,
				A7E93C6F1728EBAC0071E424 /* ViewController.h */,
				A7E93C701728EBAC0071E424 /* ViewController.m */,
				A7E93C771728EC1D0071E424 /* MLDatePicker */,
				A7E93C5B1728EBAC0071E424 /* Supporting Files */,
			);
			path = MLDatePickerDemo;
			sourceTree = "<group>";
		};
		A7E93C5B1728EBAC0071E424 /* Supporting Files */ = {
			isa = PBXGroup;
			children = (
				A7E93C5C1728EBAC0071E424 /* MLDatePickerDemo-Info.plist */,
				A7E93C5D1728EBAC0071E424 /* InfoPlist.strings */,
				A7E93C601728EBAC0071E424 /* main.m */,
				A7E93C621728EBAC0071E424 /* MLDatePickerDemo-Prefix.pch */,
				A7E93C661728EBAC0071E424 /* Default.png */,
				A7E93C681728EBAC0071E424 /* Default@2x.png */,
				A7E93C6A1728EBAC0071E424 /* Default-568h@2x.png */,
			);
			name = "Supporting Files";
			sourceTree = "<group>";
		};
		A7E93C771728EC1D0071E424 /* MLDatePicker */ = {
			isa = PBXGroup;
			children = (
				A7E93C781728EC1D0071E424 /* MLDatePicker.h */,
				A7E93C791728EC1D0071E424 /* MLDatePicker.m */,
			);
			path = MLDatePicker;
			sourceTree = "<group>";
		};
/* End PBXGroup section */

/* Begin PBXNativeTarget section */
		A7E93C501728EBAC0071E424 /* MLDatePickerDemo */ = {
			isa = PBXNativeTarget;
			buildConfigurationList = A7E93C741728EBAC0071E424 /* Build configuration list for PBXNativeTarget "MLDatePickerDemo" */;
			buildPhases = (
				A7E93C4D1728EBAC0071E424 /* Sources */,
				A7E93C4E1728EBAC0071E424 /* Frameworks */,
				A7E93C4F1728EBAC0071E424 /* Resources */,
			);
			buildRules = (
			);
			dependencies = (
			);
			name = MLDatePickerDemo;
			productName = MLDatePickerDemo;
			productReference = A7E93C511728EBAC0071E424 /* MLDatePickerDemo.app */;
			productType = "com.apple.product-type.application";
		};
/* End PBXNativeTarget section */

/* Begin PBXProject section */
		A7E93C491728EBAC0071E424 /* Project object */ = {
			isa = PBXProject;
			attributes = {
				LastUpgradeCheck = 0460;
				ORGANIZATIONNAME = Tyler;
			};
			buildConfigurationList = A7E93C4C1728EBAC0071E424 /* Build configuration list for PBXProject "MLDatePickerDemo" */;
			compatibilityVersion = "Xcode 3.2";
			developmentRegion = English;
			hasScannedForEncodings = 0;
			knownRegions = (
				en,
			);
			mainGroup = A7E93C481728EBAC0071E424;
			productRefGroup = A7E93C521728EBAC0071E424 /* Products */;
			projectDirPath = "";
			projectRoot = "";
			targets = (
				A7E93C501728EBAC0071E424 /* MLDatePickerDemo */,
			);
		};
/* End PBXProject section */

/* Begin PBXResourcesBuildPhase section */
		A7E93C4F1728EBAC0071E424 /* Resources */ = {
			isa = PBXResourcesBuildPhase;
			buildActionMask = 2147483647;
			files = (
				A7E93C5F1728EBAC0071E424 /* InfoPlist.strings in Resources */,
				A7E93C671728EBAC0071E424 /* Default.png in Resources */,
				A7E93C691728EBAC0071E424 /* Default@2x.png in Resources */,
				A7E93C6B1728EBAC0071E424 /* Default-568h@2x.png in Resources */,
				A7E93C6E1728EBAC0071E424 /* MainStoryboard.storyboard in Resources */,
			);
			runOnlyForDeploymentPostprocessing = 0;
		};
/* End PBXResourcesBuildPhase section */

/* Begin PBXSourcesBuildPhase section */
		A7E93C4D1728EBAC0071E424 /* Sources */ = {
			isa = PBXSourcesBuildPhase;
			buildActionMask = 2147483647;
			files = (
				A7E93C611728EBAC0071E424 /* main.m in Sources */,
				A7E93C651728EBAC0071E424 /* AppDelegate.m in Sources */,
				A7E93C711728EBAC0071E424 /* ViewController.m in Sources */,
				A7E93C7A1728EC1D0071E424 /* MLDatePicker.m in Sources */,
			);
			runOnlyForDeploymentPostprocessing = 0;
		};
/* End PBXSourcesBuildPhase section */

/* Begin PBXVariantGroup section */
		A7E93C5D1728EBAC0071E424 /* InfoPlist.strings */ = {
			isa = PBXVariantGroup;
			children = (
				A7E93C5E1728EBAC0071E424 /* en */,
			);
			name = InfoPlist.strings;
			sourceTree = "<group>";
		};
		A7E93C6C1728EBAC0071E424 /* MainStoryboard.storyboard */ = {
			isa = PBXVariantGroup;
			children = (
				A7E93C6D1728EBAC0071E424 /* en */,
			);
			name = MainStoryboard.storyboard;
			sourceTree = "<group>";
		};
/* End PBXVariantGroup section */

/* Begin XCBuildConfiguration section */
		A7E93C721728EBAC0071E424 /* Debug */ = {
			isa = XCBuildConfiguration;
			buildSettings = {
				ALWAYS_SEARCH_USER_PATHS = NO;
				CLANG_CXX_LANGUAGE_STANDARD = "gnu++0x";
				CLANG_CXX_LIBRARY = "libc++";
				CLANG_ENABLE_OBJC_ARC = YES;
				CLANG_WARN_CONSTANT_CONVERSION = YES;
				CLANG_WARN_EMPTY_BODY = YES;
				CLANG_WARN_ENUM_CONVERSION = YES;
				CLANG_WARN_INT_CONVERSION = YES;
				CLANG_WARN__DUPLICATE_METHOD_MATCH = YES;
				"CODE_SIGN_IDENTITY[sdk=iphoneos*]" = "iPhone Developer";
				COPY_PHASE_STRIP = NO;
				GCC_C_LANGUAGE_STANDARD = gnu99;
				GCC_DYNAMIC_NO_PIC = NO;
				GCC_OPTIMIZATION_LEVEL = 0;
				GCC_PREPROCESSOR_DEFINITIONS = (
					"DEBUG=1",
					"$(inherited)",
				);
				GCC_SYMBOLS_PRIVATE_EXTERN = NO;
				GCC_WARN_ABOUT_RETURN_TYPE = YES;
				GCC_WARN_UNINITIALIZED_AUTOS = YES;
				GCC_WARN_UNUSED_VARIABLE = YES;
				IPHONEOS_DEPLOYMENT_TARGET = 6.1;
				ONLY_ACTIVE_ARCH = YES;
				SDKROOT = iphoneos;
			};
			name = Debug;
		};
		A7E93C731728EBAC0071E424 /* Release */ = {
			isa = XCBuildConfiguration;
			buildSettings = {
				ALWAYS_SEARCH_USER_PATHS = NO;
				CLANG_CXX_LANGUAGE_STANDARD = "gnu++0x";
				CLANG_CXX_LIBRARY = "libc++";
				CLANG_ENABLE_OBJC_ARC = YES;
				CLANG_WARN_CONSTANT_CONVERSION = YES;
				CLANG_WARN_EMPTY_BODY = YES;
				CLANG_WARN_ENUM_CONVERSION = YES;
				CLANG_WARN_INT_CONVERSION = YES;
				CLANG_WARN__DUPLICATE_METHOD_MATCH = YES;
				"CODE_SIGN_IDENTITY[sdk=iphoneos*]" = "iPhone Developer";
				COPY_PHASE_STRIP = YES;
				GCC_C_LANGUAGE_STANDARD = gnu99;
				GCC_WARN_ABOUT_RETURN_TYPE = YES;
				GCC_WARN_UNINITIALIZED_AUTOS = YES;
				GCC_WARN_UNUSED_VARIABLE = YES;
				IPHONEOS_DEPLOYMENT_TARGET = 6.1;
				OTHER_CFLAGS = "-DNS_BLOCK_ASSERTIONS=1";
				SDKROOT = iphoneos;
				VALIDATE_PRODUCT = YES;
			};
			name = Release;
		};
		A7E93C751728EBAC0071E424 /* Debug */ = {
			isa = XCBuildConfiguration;
			buildSettings = {
				GCC_PRECOMPILE_PREFIX_HEADER = YES;
				GCC_PREFIX_HEADER = "MLDatePickerDemo/MLDatePickerDemo-Prefix.pch";
				INFOPLIST_FILE = "MLDatePickerDemo/MLDatePickerDemo-Info.plist";
				PRODUCT_NAME = "$(TARGET_NAME)";
				WRAPPER_EXTENSION = app;
			};
			name = Debug;
		};
		A7E93C761728EBAC0071E424 /* Release */ = {
			isa = XCBuildConfiguration;
			buildSettings = {
				GCC_PRECOMPILE_PREFIX_HEADER = YES;
				GCC_PREFIX_HEADER = "MLDatePickerDemo/MLDatePickerDemo-Prefix.pch";
				INFOPLIST_FILE = "MLDatePickerDemo/MLDatePickerDemo-Info.plist";
				PRODUCT_NAME = "$(TARGET_NAME)";
				WRAPPER_EXTENSION = app;
			};
			name = Release;
		};
/* End XCBuildConfiguration section */

/* Begin XCConfigurationList section */
		A7E93C4C1728EBAC0071E424 /* Build configuration list for PBXProject "MLDatePickerDemo" */ = {
			isa = XCConfigurationList;
			buildConfigurations = (
				A7E93C721728EBAC0071E424 /* Debug */,
				A7E93C731728EBAC0071E424 /* Release */,
			);
			defaultConfigurationIsVisible = 0;
			defaultConfigurationName = Release;
		};
		A7E93C741728EBAC0071E424 /* Build configuration list for PBXNativeTarget "MLDatePickerDemo" */ = {
			isa = XCConfigurationList;
			buildConfigurations = (
				A7E93C751728EBAC0071E424 /* Debug */,
				A7E93C761728EBAC0071E424 /* Release */,
			);
			defaultConfigurationIsVisible = 0;
		};
/* End XCConfigurationList section */
	};
	rootObject = A7E93C491728EBAC0071E424 /* Project object */;
}
